
Microsoft Visual Studio Solution File, Format Version 12.00
# Visual Studio Version 16
VisualStudioVersion = 16.0.31205.134
MinimumVisualStudioVersion = 10.0.40219.1
Project("{FAE04EC0-301F-11D3-BF4B-00C04F79EFBC}") = "SharpChess", "SharpChess.csproj", "{BAAC4011-D5C6-4018-B03C-A178651AB334}"
EndProject
Global
	GlobalSection(SolutionConfigurationPlatforms) = preSolution
		Debug|Any CPU = Debug|Any CPU
		Release|Any CPU = Release|Any CPU
	EndGlobalSection
	GlobalSection(ProjectConfigurationPlatforms) = postSolution
		{BAAC4011-D5C6-4018-B03C-A178651AB334}.Debug|Any CPU.ActiveCfg = Debug|Any CPU
		{BAAC4011-D5C6-4018-B03C-A178651AB334}.Debug|Any CPU.Build.0 = Debug|Any CPU
		{BAAC4011-D5C6-4018-B03C-A178651AB334}.Release|Any CPU.ActiveCfg = Release|Any CPU
		{BAAC4011-D5C6-4018-B03C-A178651AB334}.Release|Any CPU.Build.0 = Release|Any CPU
	EndGlobalSection
	GlobalSection(SolutionProperties) = preSolution
		HideSolutionNode = FALSE
	EndGlobalSection
	GlobalSection(ExtensibilityGlobals) = postSolution
		SolutionGuid = {F8D12B45-C712-4FE6-99BB-41A65C984E39}
	EndGlobalSection
EndGlobal
